
Microsoft Visual Studio Solution File, Format Version 12.00
# Visual Studio 15
VisualStudioVersion = 15.0.28307.489
MinimumVisualStudioVersion = 10.0.40219.1
Project("{FAE04EC0-301F-11D3-BF4B-00C04F79EFBC}") = "the.jamilah", "THEJAMILAH\the.jamilah.csproj", "{EC792609-DFD0-44E1-BAD3-121C208F7E03}"
EndProject
Global
	GlobalSection(SolutionConfigurationPlatforms) = preSolution
		Debug|Any CPU = Debug|Any CPU
		Release|Any CPU = Release|Any CPU
	EndGlobalSection
	GlobalSection(ProjectConfigurationPlatforms) = postSolution
		{EC792609-DFD0-44E1-BAD3-121C208F7E03}.Debug|Any CPU.ActiveCfg = Debug|Any CPU
		{EC792609-DFD0-44E1-BAD3-121C208F7E03}.Debug|Any CPU.Build.0 = Debug|Any CPU
		{EC792609-DFD0-44E1-BAD3-121C208F7E03}.Release|Any CPU.ActiveCfg = Release|Any CPU
		{EC792609-DFD0-44E1-BAD3-121C208F7E03}.Release|Any CPU.Build.0 = Release|Any CPU
	EndGlobalSection
	GlobalSection(SolutionProperties) = preSolution
		HideSolutionNode = FALSE
	EndGlobalSection
	GlobalSection(ExtensibilityGlobals) = postSolution
		SolutionGuid = {6A8C6342-FDC3-4A26-9912-4856329EBF4B}
	EndGlobalSection
EndGlobal
